
Microsoft Visual Studio Solution File, Format Version 11.00
# Visual Studio 2010
Project("{8BC9CEB8-8B4A-11D0-8D11-00A0C91BC942}") = "nll", "nll\nll.vcxproj", "{859D4214-0EA1-499F-B20D-2DA6C0DC5AFE}"
	ProjectSection(ProjectDependencies) = postProject
		{EA3DCC95-2423-4EA0-A508-7A427B4C0594} = {EA3DCC95-2423-4EA0-A508-7A427B4C0594}
	EndProjectSection
EndProject
Project("{8BC9CEB8-8B4A-11D0-8D11-00A0C91BC942}") = "nllTest", "nllTest\nllTest.vcxproj", "{6B95ACCD-74E5-480D-A26B-FF01CFB16FDF}"
	ProjectSection(ProjectDependencies) = postProject
		{859D4214-0EA1-499F-B20D-2DA6C0DC5AFE} = {859D4214-0EA1-499F-B20D-2DA6C0DC5AFE}
		{7F2576E1-EA39-410D-AB31-7D50DD9029AA} = {7F2576E1-EA39-410D-AB31-7D50DD9029AA}
	EndProjectSection
EndProject
Project("{8BC9CEB8-8B4A-11D0-8D11-00A0C91BC942}") = "tester", "tester\tester.vcxproj", "{7F2576E1-EA39-410D-AB31-7D50DD9029AA}"
EndProject
Project("{8BC9CEB8-8B4A-11D0-8D11-00A0C91BC942}") = "tutorial", "tutorial\tutorial.vcxproj", "{F1885B35-439E-4129-9EB5-5704660C406A}"
	ProjectSection(ProjectDependencies) = postProject
		{859D4214-0EA1-499F-B20D-2DA6C0DC5AFE} = {859D4214-0EA1-499F-B20D-2DA6C0DC5AFE}
		{7F2576E1-EA39-410D-AB31-7D50DD9029AA} = {7F2576E1-EA39-410D-AB31-7D50DD9029AA}
	EndProjectSection
EndProject
Project("{8BC9CEB8-8B4A-11D0-8D11-00A0C91BC942}") = "libfftw-3.3", "fftw-3.3\libfftw-3.3\libfftw-3.3\libfftw-3.3.vcxproj", "{EA3DCC95-2423-4EA0-A508-7A427B4C0594}"
EndProject
Global
	GlobalSection(SolutionConfigurationPlatforms) = preSolution
		Debug|Win32 = Debug|Win32
		Debug|x64 = Debug|x64
		Release|Win32 = Release|Win32
		Release|x64 = Release|x64
		ReleaseFull|Win32 = ReleaseFull|Win32
		ReleaseFull|x64 = ReleaseFull|x64
		Static-Debug|Win32 = Static-Debug|Win32
		Static-Debug|x64 = Static-Debug|x64
		Static-Release|Win32 = Static-Release|Win32
		Static-Release|x64 = Static-Release|x64
	EndGlobalSection
	GlobalSection(ProjectConfigurationPlatforms) = postSolution
		{859D4214-0EA1-499F-B20D-2DA6C0DC5AFE}.Debug|Win32.ActiveCfg = Debug|Win32
		{859D4214-0EA1-499F-B20D-2DA6C0DC5AFE}.Debug|Win32.Build.0 = Debug|Win32
		{859D4214-0EA1-499F-B20D-2DA6C0DC5AFE}.Debug|x64.ActiveCfg = Debug|x64
		{859D4214-0EA1-499F-B20D-2DA6C0DC5AFE}.Debug|x64.Build.0 = Debug|x64
		{859D4214-0EA1-499F-B20D-2DA6C0DC5AFE}.Release|Win32.ActiveCfg = Release|Win32
		{859D4214-0EA1-499F-B20D-2DA6C0DC5AFE}.Release|Win32.Build.0 = Release|Win32
		{859D4214-0EA1-499F-B20D-2DA6C0DC5AFE}.Release|x64.ActiveCfg = Release|x64
		{859D4214-0EA1-499F-B20D-2DA6C0DC5AFE}.Release|x64.Build.0 = Release|x64
		{859D4214-0EA1-499F-B20D-2DA6C0DC5AFE}.ReleaseFull|Win32.ActiveCfg = Release|Win32
		{859D4214-0EA1-499F-B20D-2DA6C0DC5AFE}.ReleaseFull|Win32.Build.0 = Release|Win32
		{859D4214-0EA1-499F-B20D-2DA6C0DC5AFE}.ReleaseFull|x64.ActiveCfg = ReleaseFull|x64
		{859D4214-0EA1-499F-B20D-2DA6C0DC5AFE}.ReleaseFull|x64.Build.0 = ReleaseFull|x64
		{859D4214-0EA1-499F-B20D-2DA6C0DC5AFE}.Static-Debug|Win32.ActiveCfg = Debug|Win32
		{859D4214-0EA1-499F-B20D-2DA6C0DC5AFE}.Static-Debug|Win32.Build.0 = Debug|Win32
		{859D4214-0EA1-499F-B20D-2DA6C0DC5AFE}.Static-Debug|x64.ActiveCfg = Debug|x64
		{859D4214-0EA1-499F-B20D-2DA6C0DC5AFE}.Static-Debug|x64.Build.0 = Debug|x64
		{859D4214-0EA1-499F-B20D-2DA6C0DC5AFE}.Static-Release|Win32.ActiveCfg = Release|Win32
		{859D4214-0EA1-499F-B20D-2DA6C0DC5AFE}.Static-Release|Win32.Build.0 = Release|Win32
		{859D4214-0EA1-499F-B20D-2DA6C0DC5AFE}.Static-Release|x64.ActiveCfg = Release|x64
		{859D4214-0EA1-499F-B20D-2DA6C0DC5AFE}.Static-Release|x64.Build.0 = Release|x64
		{6B95ACCD-74E5-480D-A26B-FF01CFB16FDF}.Debug|Win32.ActiveCfg = Debug|Win32
		{6B95ACCD-74E5-480D-A26B-FF01CFB16FDF}.Debug|Win32.Build.0 = Debug|Win32
		{6B95ACCD-74E5-480D-A26B-FF01CFB16FDF}.Debug|x64.ActiveCfg = Debug|x64
		{6B95ACCD-74E5-480D-A26B-FF01CFB16FDF}.Debug|x64.Build.0 = Debug|x64
		{6B95ACCD-74E5-480D-A26B-FF01CFB16FDF}.Release|Win32.ActiveCfg = Release|Win32
		{6B95ACCD-74E5-480D-A26B-FF01CFB16FDF}.Release|Win32.Build.0 = Release|Win32
		{6B95ACCD-74E5-480D-A26B-FF01CFB16FDF}.Release|x64.ActiveCfg = Release|x64
		{6B95ACCD-74E5-480D-A26B-FF01CFB16FDF}.Release|x64.Build.0 = Release|x64
		{6B95ACCD-74E5-480D-A26B-FF01CFB16FDF}.ReleaseFull|Win32.ActiveCfg = Release|Win32
		{6B95ACCD-74E5-480D-A26B-FF01CFB16FDF}.ReleaseFull|Win32.Build.0 = Release|Win32
		{6B95ACCD-74E5-480D-A26B-FF01CFB16FDF}.ReleaseFull|x64.ActiveCfg = Release|x64
		{6B95ACCD-74E5-480D-A26B-FF01CFB16FDF}.ReleaseFull|x64.Build.0 = Release|x64
		{6B95ACCD-74E5-480D-A26B-FF01CFB16FDF}.Static-Debug|Win32.ActiveCfg = Debug|Win32
		{6B95ACCD-74E5-480D-A26B-FF01CFB16FDF}.Static-Debug|Win32.Build.0 = Debug|Win32
		{6B95ACCD-74E5-480D-A26B-FF01CFB16FDF}.Static-Debug|x64.ActiveCfg = Debug|x64
		{6B95ACCD-74E5-480D-A26B-FF01CFB16FDF}.Static-Debug|x64.Build.0 = Debug|x64
		{6B95ACCD-74E5-480D-A26B-FF01CFB16FDF}.Static-Release|Win32.ActiveCfg = Release|Win32
		{6B95ACCD-74E5-480D-A26B-FF01CFB16FDF}.Static-Release|Win32.Build.0 = Release|Win32
		{6B95ACCD-74E5-480D-A26B-FF01CFB16FDF}.Static-Release|x64.ActiveCfg = Release|x64
		{6B95ACCD-74E5-480D-A26B-FF01CFB16FDF}.Static-Release|x64.Build.0 = Release|x64
		{7F2576E1-EA39-410D-AB31-7D50DD9029AA}.Debug|Win32.ActiveCfg = Debug|Win32
		{7F2576E1-EA39-410D-AB31-7D50DD9029AA}.Debug|Win32.Build.0 = Debug|Win32
		{7F2576E1-EA39-410D-AB31-7D50DD9029AA}.Debug|x64.ActiveCfg = Debug|x64
		{7F2576E1-EA39-410D-AB31-7D50DD9029AA}.Debug|x64.Build.0 = Debug|x64
		{7F2576E1-EA39-410D-AB31-7D50DD9029AA}.Release|Win32.ActiveCfg = Release|Win32
		{7F2576E1-EA39-410D-AB31-7D50DD9029AA}.Release|Win32.Build.0 = Release|Win32
		{7F2576E1-EA39-410D-AB31-7D50DD9029AA}.Release|x64.ActiveCfg = Release|x64
		{7F2576E1-EA39-410D-AB31-7D50DD9029AA}.Release|x64.Build.0 = Release|x64
		{7F2576E1-EA39-410D-AB31-7D50DD9029AA}.ReleaseFull|Win32.ActiveCfg = Release|Win32
		{7F2576E1-EA39-410D-AB31-7D50DD9029AA}.ReleaseFull|Win32.Build.0 = Release|Win32
		{7F2576E1-EA39-410D-AB31-7D50DD9029AA}.ReleaseFull|x64.ActiveCfg = Release|x64
		{7F2576E1-EA39-410D-AB31-7D50DD9029AA}.ReleaseFull|x64.Build.0 = Release|x64
		{7F2576E1-EA39-410D-AB31-7D50DD9029AA}.Static-Debug|Win32.ActiveCfg = Debug|Win32
		{7F2576E1-EA39-410D-AB31-7D50DD9029AA}.Static-Debug|x64.ActiveCfg = Debug|x64
		{7F2576E1-EA39-410D-AB31-7D50DD9029AA}.Static-Release|Win32.ActiveCfg = Release|Win32
		{7F2576E1-EA39-410D-AB31-7D50DD9029AA}.Static-Release|x64.ActiveCfg = Release|x64
		{F1885B35-439E-4129-9EB5-5704660C406A}.Debug|Win32.ActiveCfg = Debug|Win32
		{F1885B35-439E-4129-9EB5-5704660C406A}.Debug|Win32.Build.0 = Debug|Win32
		{F1885B35-439E-4129-9EB5-5704660C406A}.Debug|x64.ActiveCfg = Debug|Win32
		{F1885B35-439E-4129-9EB5-5704660C406A}.Release|Win32.ActiveCfg = Release|Win32
		{F1885B35-439E-4129-9EB5-5704660C406A}.Release|Win32.Build.0 = Release|Win32
		{F1885B35-439E-4129-9EB5-5704660C406A}.Release|x64.ActiveCfg = Release|x64
		{F1885B35-439E-4129-9EB5-5704660C406A}.Release|x64.Build.0 = Release|x64
		{F1885B35-439E-4129-9EB5-5704660C406A}.ReleaseFull|Win32.ActiveCfg = Release|Win32
		{F1885B35-439E-4129-9EB5-5704660C406A}.ReleaseFull|Win32.Build.0 = Release|Win32
		{F1885B35-439E-4129-9EB5-5704660C406A}.ReleaseFull|x64.ActiveCfg = Release|x64
		{F1885B35-439E-4129-9EB5-5704660C406A}.ReleaseFull|x64.Build.0 = Release|x64
		{F1885B35-439E-4129-9EB5-5704660C406A}.Static-Debug|Win32.ActiveCfg = Debug|Win32
		{F1885B35-439E-4129-9EB5-5704660C406A}.Static-Debug|x64.ActiveCfg = Debug|Win32
		{F1885B35-439E-4129-9EB5-5704660C406A}.Static-Release|Win32.ActiveCfg = Release|Win32
		{F1885B35-439E-4129-9EB5-5704660C406A}.Static-Release|x64.ActiveCfg = Release|x64
		{EA3DCC95-2423-4EA0-A508-7A427B4C0594}.Debug|Win32.ActiveCfg = Debug|Win32
		{EA3DCC95-2423-4EA0-A508-7A427B4C0594}.Debug|Win32.Build.0 = Debug|Win32
		{EA3DCC95-2423-4EA0-A508-7A427B4C0594}.Debug|x64.ActiveCfg = Debug|x64
		{EA3DCC95-2423-4EA0-A508-7A427B4C0594}.Debug|x64.Build.0 = Debug|x64
		{EA3DCC95-2423-4EA0-A508-7A427B4C0594}.Release|Win32.ActiveCfg = Release|Win32
		{EA3DCC95-2423-4EA0-A508-7A427B4C0594}.Release|Win32.Build.0 = Release|Win32
		{EA3DCC95-2423-4EA0-A508-7A427B4C0594}.Release|x64.ActiveCfg = Release|x64
		{EA3DCC95-2423-4EA0-A508-7A427B4C0594}.Release|x64.Build.0 = Release|x64
		{EA3DCC95-2423-4EA0-A508-7A427B4C0594}.ReleaseFull|Win32.ActiveCfg = Release|x64
		{EA3DCC95-2423-4EA0-A508-7A427B4C0594}.ReleaseFull|x64.ActiveCfg = Release|x64
		{EA3DCC95-2423-4EA0-A508-7A427B4C0594}.ReleaseFull|x64.Build.0 = Release|x64
		{EA3DCC95-2423-4EA0-A508-7A427B4C0594}.Static-Debug|Win32.ActiveCfg = Static-Debug|Win32
		{EA3DCC95-2423-4EA0-A508-7A427B4C0594}.Static-Debug|Win32.Build.0 = Static-Debug|Win32
		{EA3DCC95-2423-4EA0-A508-7A427B4C0594}.Static-Debug|x64.ActiveCfg = Static-Debug|x64
		{EA3DCC95-2423-4EA0-A508-7A427B4C0594}.Static-Debug|x64.Build.0 = Static-Debug|x64
		{EA3DCC95-2423-4EA0-A508-7A427B4C0594}.Static-Release|Win32.ActiveCfg = Static-Release|Win32
		{EA3DCC95-2423-4EA0-A508-7A427B4C0594}.Static-Release|Win32.Build.0 = Static-Release|Win32
		{EA3DCC95-2423-4EA0-A508-7A427B4C0594}.Static-Release|x64.ActiveCfg = Static-Release|x64
		{EA3DCC95-2423-4EA0-A508-7A427B4C0594}.Static-Release|x64.Build.0 = Static-Release|x64
	EndGlobalSection
	GlobalSection(SolutionProperties) = preSolution
		HideSolutionNode = FALSE
	EndGlobalSection
	GlobalSection(ExtensibilityGlobals) = postSolution
		AMDCaProjectFile = D:\Devel\sandbox\CodeAnalyst\nll.caw
	EndGlobalSection
EndGlobal
