
Microsoft Visual Studio Solution File, Format Version 9.00
# Visual Studio 2005
Project("{8BC9CEB8-8B4A-11D0-8D11-00A0C91BC942}") = "nll", "nll\nll.vcproj", "{859D4214-0EA1-499F-B20D-2DA6C0DC5AFE}"
EndProject
Project("{8BC9CEB8-8B4A-11D0-8D11-00A0C91BC942}") = "nllTest", "nllTest\nllTest.vcproj", "{6B95ACCD-74E5-480D-A26B-FF01CFB16FDF}"
	ProjectSection(ProjectDependencies) = postProject
		{7F2576E1-EA39-410D-AB31-7D50DD9029AA} = {7F2576E1-EA39-410D-AB31-7D50DD9029AA}
		{859D4214-0EA1-499F-B20D-2DA6C0DC5AFE} = {859D4214-0EA1-499F-B20D-2DA6C0DC5AFE}
	EndProjectSection
EndProject
Project("{8BC9CEB8-8B4A-11D0-8D11-00A0C91BC942}") = "tester", "tester\tester.vcproj", "{7F2576E1-EA39-410D-AB31-7D50DD9029AA}"
	ProjectSection(ProjectDependencies) = postProject
		{859D4214-0EA1-499F-B20D-2DA6C0DC5AFE} = {859D4214-0EA1-499F-B20D-2DA6C0DC5AFE}
	EndProjectSection
EndProject
Project("{8BC9CEB8-8B4A-11D0-8D11-00A0C91BC942}") = "tutorial", "tutorial\tutorial.vcproj", "{F1885B35-439E-4129-9EB5-5704660C406A}"
	ProjectSection(ProjectDependencies) = postProject
		{7F2576E1-EA39-410D-AB31-7D50DD9029AA} = {7F2576E1-EA39-410D-AB31-7D50DD9029AA}
	EndProjectSection
EndProject
Project("{8BC9CEB8-8B4A-11D0-8D11-00A0C91BC942}") = "mvvTest", "mvvTest\mvvTest.vcproj", "{82470BE4-7548-4E79-A688-169ECFFA3668}"
	ProjectSection(ProjectDependencies) = postProject
		{89FBBDAF-C167-42AA-A7EB-9FECB8FCA49B} = {89FBBDAF-C167-42AA-A7EB-9FECB8FCA49B}
		{7F2576E1-EA39-410D-AB31-7D50DD9029AA} = {7F2576E1-EA39-410D-AB31-7D50DD9029AA}
	EndProjectSection
EndProject
Project("{8BC9CEB8-8B4A-11D0-8D11-00A0C91BC942}") = "mvv", "mvv\mvv.vcproj", "{89FBBDAF-C167-42AA-A7EB-9FECB8FCA49B}"
	ProjectSection(ProjectDependencies) = postProject
		{859D4214-0EA1-499F-B20D-2DA6C0DC5AFE} = {859D4214-0EA1-499F-B20D-2DA6C0DC5AFE}
	EndProjectSection
EndProject
Global
	GlobalSection(SolutionConfigurationPlatforms) = preSolution
		Debug|Win32 = Debug|Win32
		Debug|x64 = Debug|x64
		Release|Win32 = Release|Win32
		Release|x64 = Release|x64
	EndGlobalSection
	GlobalSection(ProjectConfigurationPlatforms) = postSolution
		{859D4214-0EA1-499F-B20D-2DA6C0DC5AFE}.Debug|Win32.ActiveCfg = Debug|Win32
		{859D4214-0EA1-499F-B20D-2DA6C0DC5AFE}.Debug|Win32.Build.0 = Debug|Win32
		{859D4214-0EA1-499F-B20D-2DA6C0DC5AFE}.Debug|x64.ActiveCfg = Debug|x64
		{859D4214-0EA1-499F-B20D-2DA6C0DC5AFE}.Debug|x64.Build.0 = Debug|x64
		{859D4214-0EA1-499F-B20D-2DA6C0DC5AFE}.Release|Win32.ActiveCfg = Release|Win32
		{859D4214-0EA1-499F-B20D-2DA6C0DC5AFE}.Release|Win32.Build.0 = Release|Win32
		{859D4214-0EA1-499F-B20D-2DA6C0DC5AFE}.Release|x64.ActiveCfg = Release|x64
		{859D4214-0EA1-499F-B20D-2DA6C0DC5AFE}.Release|x64.Build.0 = Release|x64
		{6B95ACCD-74E5-480D-A26B-FF01CFB16FDF}.Debug|Win32.ActiveCfg = Debug|Win32
		{6B95ACCD-74E5-480D-A26B-FF01CFB16FDF}.Debug|Win32.Build.0 = Debug|Win32
		{6B95ACCD-74E5-480D-A26B-FF01CFB16FDF}.Debug|x64.ActiveCfg = Debug|x64
		{6B95ACCD-74E5-480D-A26B-FF01CFB16FDF}.Debug|x64.Build.0 = Debug|x64
		{6B95ACCD-74E5-480D-A26B-FF01CFB16FDF}.Release|Win32.ActiveCfg = Release|Win32
		{6B95ACCD-74E5-480D-A26B-FF01CFB16FDF}.Release|Win32.Build.0 = Release|Win32
		{6B95ACCD-74E5-480D-A26B-FF01CFB16FDF}.Release|x64.ActiveCfg = Release|x64
		{6B95ACCD-74E5-480D-A26B-FF01CFB16FDF}.Release|x64.Build.0 = Release|x64
		{7F2576E1-EA39-410D-AB31-7D50DD9029AA}.Debug|Win32.ActiveCfg = Debug|Win32
		{7F2576E1-EA39-410D-AB31-7D50DD9029AA}.Debug|Win32.Build.0 = Debug|Win32
		{7F2576E1-EA39-410D-AB31-7D50DD9029AA}.Debug|x64.ActiveCfg = Debug|x64
		{7F2576E1-EA39-410D-AB31-7D50DD9029AA}.Debug|x64.Build.0 = Debug|x64
		{7F2576E1-EA39-410D-AB31-7D50DD9029AA}.Release|Win32.ActiveCfg = Release|Win32
		{7F2576E1-EA39-410D-AB31-7D50DD9029AA}.Release|Win32.Build.0 = Release|Win32
		{7F2576E1-EA39-410D-AB31-7D50DD9029AA}.Release|x64.ActiveCfg = Release|x64
		{7F2576E1-EA39-410D-AB31-7D50DD9029AA}.Release|x64.Build.0 = Release|x64
		{F1885B35-439E-4129-9EB5-5704660C406A}.Debug|Win32.ActiveCfg = Debug|Win32
		{F1885B35-439E-4129-9EB5-5704660C406A}.Debug|Win32.Build.0 = Debug|Win32
		{F1885B35-439E-4129-9EB5-5704660C406A}.Debug|x64.ActiveCfg = Debug|x64
		{F1885B35-439E-4129-9EB5-5704660C406A}.Debug|x64.Build.0 = Debug|x64
		{F1885B35-439E-4129-9EB5-5704660C406A}.Release|Win32.ActiveCfg = Release|Win32
		{F1885B35-439E-4129-9EB5-5704660C406A}.Release|Win32.Build.0 = Release|Win32
		{F1885B35-439E-4129-9EB5-5704660C406A}.Release|x64.ActiveCfg = Release|x64
		{F1885B35-439E-4129-9EB5-5704660C406A}.Release|x64.Build.0 = Release|x64
		{82470BE4-7548-4E79-A688-169ECFFA3668}.Debug|Win32.ActiveCfg = Debug|Win32
		{82470BE4-7548-4E79-A688-169ECFFA3668}.Debug|Win32.Build.0 = Debug|Win32
		{82470BE4-7548-4E79-A688-169ECFFA3668}.Debug|x64.ActiveCfg = Debug|x64
		{82470BE4-7548-4E79-A688-169ECFFA3668}.Debug|x64.Build.0 = Debug|x64
		{82470BE4-7548-4E79-A688-169ECFFA3668}.Release|Win32.ActiveCfg = Release|Win32
		{82470BE4-7548-4E79-A688-169ECFFA3668}.Release|Win32.Build.0 = Release|Win32
		{82470BE4-7548-4E79-A688-169ECFFA3668}.Release|x64.ActiveCfg = Release|x64
		{82470BE4-7548-4E79-A688-169ECFFA3668}.Release|x64.Build.0 = Release|x64
		{89FBBDAF-C167-42AA-A7EB-9FECB8FCA49B}.Debug|Win32.ActiveCfg = Debug|Win32
		{89FBBDAF-C167-42AA-A7EB-9FECB8FCA49B}.Debug|Win32.Build.0 = Debug|Win32
		{89FBBDAF-C167-42AA-A7EB-9FECB8FCA49B}.Debug|x64.ActiveCfg = Debug|x64
		{89FBBDAF-C167-42AA-A7EB-9FECB8FCA49B}.Debug|x64.Build.0 = Debug|x64
		{89FBBDAF-C167-42AA-A7EB-9FECB8FCA49B}.Release|Win32.ActiveCfg = Release|Win32
		{89FBBDAF-C167-42AA-A7EB-9FECB8FCA49B}.Release|Win32.Build.0 = Release|Win32
		{89FBBDAF-C167-42AA-A7EB-9FECB8FCA49B}.Release|x64.ActiveCfg = Release|x64
		{89FBBDAF-C167-42AA-A7EB-9FECB8FCA49B}.Release|x64.Build.0 = Release|x64
	EndGlobalSection
	GlobalSection(SolutionProperties) = preSolution
		HideSolutionNode = FALSE
	EndGlobalSection
EndGlobal
