
Microsoft Visual Studio Solution File, Format Version 11.00
# Visual Studio 2010
Project("{8BC9CEB8-8B4A-11D0-8D11-00A0C91BC942}") = "nll", "nll\nll.vcxproj", "{859D4214-0EA1-499F-B20D-2DA6C0DC5AFE}"
EndProject
Project("{8BC9CEB8-8B4A-11D0-8D11-00A0C91BC942}") = "nllTest", "nllTest\nllTest.vcxproj", "{6B95ACCD-74E5-480D-A26B-FF01CFB16FDF}"
EndProject
Project("{8BC9CEB8-8B4A-11D0-8D11-00A0C91BC942}") = "tester", "tester\tester.vcxproj", "{7F2576E1-EA39-410D-AB31-7D50DD9029AA}"
EndProject
Project("{8BC9CEB8-8B4A-11D0-8D11-00A0C91BC942}") = "tutorial", "tutorial\tutorial.vcxproj", "{F1885B35-439E-4129-9EB5-5704660C406A}"
EndProject
Project("{8BC9CEB8-8B4A-11D0-8D11-00A0C91BC942}") = "mvvLauncher", "mvvLauncher\mvvLauncher.vcxproj", "{D6D7B97F-DB6F-48CE-BDAB-E3A98BC158C4}"
	ProjectSection(ProjectDependencies) = postProject
		{96898AF1-65AF-455E-9404-F08CAC025DD4} = {96898AF1-65AF-455E-9404-F08CAC025DD4}
	EndProjectSection
EndProject
Project("{8BC9CEB8-8B4A-11D0-8D11-00A0C91BC942}") = "mvvMprPlugin", "mvvMprPlugin\mvvMprPlugin.vcxproj", "{F915B23F-16AC-4F6E-824A-DEEFADC8DDC5}"
EndProject
Project("{8BC9CEB8-8B4A-11D0-8D11-00A0C91BC942}") = "mvvPlatform", "mvvPlatform\mvvPlatform.vcxproj", "{CF45E989-F4E1-405D-8549-40A4D2C42C73}"
EndProject
Project("{8BC9CEB8-8B4A-11D0-8D11-00A0C91BC942}") = "mvvScript", "mvvScript\mvvScript.vcxproj", "{E521E98A-44AD-4C3C-B475-E35B72941267}"
EndProject
Project("{8BC9CEB8-8B4A-11D0-8D11-00A0C91BC942}") = "core", "core\core.vcxproj", "{AC694867-1504-461F-AE4E-52593B0EE89C}"
EndProject
Project("{8BC9CEB8-8B4A-11D0-8D11-00A0C91BC942}") = "mvvScriptTest", "mvvScriptTest\mvvScriptTest.vcxproj", "{D05EE8EE-CE84-4092-B2C3-78067DEEA271}"
	ProjectSection(ProjectDependencies) = postProject
		{859D4214-0EA1-499F-B20D-2DA6C0DC5AFE} = {859D4214-0EA1-499F-B20D-2DA6C0DC5AFE}
		{F915B23F-16AC-4F6E-824A-DEEFADC8DDC5} = {F915B23F-16AC-4F6E-824A-DEEFADC8DDC5}
		{CF45E989-F4E1-405D-8549-40A4D2C42C73} = {CF45E989-F4E1-405D-8549-40A4D2C42C73}
		{E521E98A-44AD-4C3C-B475-E35B72941267} = {E521E98A-44AD-4C3C-B475-E35B72941267}
	EndProjectSection
EndProject
Project("{8BC9CEB8-8B4A-11D0-8D11-00A0C91BC942}") = "mvvPlatformTest", "mvvPlatformTest\mvvPlatformTest.vcxproj", "{1117A824-2171-4393-9ED1-4D74F6616C0F}"
EndProject
Project("{8BC9CEB8-8B4A-11D0-8D11-00A0C91BC942}") = "regionDetection", "regionDetection\regionDetection.vcxproj", "{E37129F1-F4A8-4D44-A148-C1F5437574E7}"
EndProject
Project("{8BC9CEB8-8B4A-11D0-8D11-00A0C91BC942}") = "regionDetectionTest", "regionDetectionTest\regionDetectionTest.vcxproj", "{BA83BBF6-EEB7-4311-8626-30FCF1DC8FB9}"
	ProjectSection(ProjectDependencies) = postProject
		{7F2576E1-EA39-410D-AB31-7D50DD9029AA} = {7F2576E1-EA39-410D-AB31-7D50DD9029AA}
		{E37129F1-F4A8-4D44-A148-C1F5437574E7} = {E37129F1-F4A8-4D44-A148-C1F5437574E7}
	EndProjectSection
EndProject
Project("{8BC9CEB8-8B4A-11D0-8D11-00A0C91BC942}") = "siemens", "siemens\siemens.vcxproj", "{96898AF1-65AF-455E-9404-F08CAC025DD4}"
	ProjectSection(ProjectDependencies) = postProject
		{E37129F1-F4A8-4D44-A148-C1F5437574E7} = {E37129F1-F4A8-4D44-A148-C1F5437574E7}
	EndProjectSection
EndProject
Project("{8BC9CEB8-8B4A-11D0-8D11-00A0C91BC942}") = "scriptTranslator", "scriptTranslator\scriptTranslator.vcxproj", "{2B24E788-588A-4410-9666-FEAE4405271E}"
EndProject
Global
	GlobalSection(SolutionConfigurationPlatforms) = preSolution
		Debug|Win32 = Debug|Win32
		Debug|x64 = Debug|x64
		Release|Win32 = Release|Win32
		Release|x64 = Release|x64
	EndGlobalSection
	GlobalSection(ProjectConfigurationPlatforms) = postSolution
		{859D4214-0EA1-499F-B20D-2DA6C0DC5AFE}.Debug|Win32.ActiveCfg = Debug|Win32
		{859D4214-0EA1-499F-B20D-2DA6C0DC5AFE}.Debug|Win32.Build.0 = Debug|Win32
		{859D4214-0EA1-499F-B20D-2DA6C0DC5AFE}.Debug|x64.ActiveCfg = Debug|Win32
		{859D4214-0EA1-499F-B20D-2DA6C0DC5AFE}.Release|Win32.ActiveCfg = Release|Win32
		{859D4214-0EA1-499F-B20D-2DA6C0DC5AFE}.Release|Win32.Build.0 = Release|Win32
		{859D4214-0EA1-499F-B20D-2DA6C0DC5AFE}.Release|x64.ActiveCfg = Release|x64
		{859D4214-0EA1-499F-B20D-2DA6C0DC5AFE}.Release|x64.Build.0 = Release|x64
		{6B95ACCD-74E5-480D-A26B-FF01CFB16FDF}.Debug|Win32.ActiveCfg = Debug|Win32
		{6B95ACCD-74E5-480D-A26B-FF01CFB16FDF}.Debug|Win32.Build.0 = Debug|Win32
		{6B95ACCD-74E5-480D-A26B-FF01CFB16FDF}.Debug|x64.ActiveCfg = Debug|Win32
		{6B95ACCD-74E5-480D-A26B-FF01CFB16FDF}.Release|Win32.ActiveCfg = Release|Win32
		{6B95ACCD-74E5-480D-A26B-FF01CFB16FDF}.Release|Win32.Build.0 = Release|Win32
		{6B95ACCD-74E5-480D-A26B-FF01CFB16FDF}.Release|x64.ActiveCfg = Release|x64
		{6B95ACCD-74E5-480D-A26B-FF01CFB16FDF}.Release|x64.Build.0 = Release|x64
		{7F2576E1-EA39-410D-AB31-7D50DD9029AA}.Debug|Win32.ActiveCfg = Debug|Win32
		{7F2576E1-EA39-410D-AB31-7D50DD9029AA}.Debug|Win32.Build.0 = Debug|Win32
		{7F2576E1-EA39-410D-AB31-7D50DD9029AA}.Debug|x64.ActiveCfg = Debug|x64
		{7F2576E1-EA39-410D-AB31-7D50DD9029AA}.Debug|x64.Build.0 = Debug|x64
		{7F2576E1-EA39-410D-AB31-7D50DD9029AA}.Release|Win32.ActiveCfg = Release|Win32
		{7F2576E1-EA39-410D-AB31-7D50DD9029AA}.Release|Win32.Build.0 = Release|Win32
		{7F2576E1-EA39-410D-AB31-7D50DD9029AA}.Release|x64.ActiveCfg = Release|x64
		{7F2576E1-EA39-410D-AB31-7D50DD9029AA}.Release|x64.Build.0 = Release|x64
		{F1885B35-439E-4129-9EB5-5704660C406A}.Debug|Win32.ActiveCfg = Debug|Win32
		{F1885B35-439E-4129-9EB5-5704660C406A}.Debug|Win32.Build.0 = Debug|Win32
		{F1885B35-439E-4129-9EB5-5704660C406A}.Debug|x64.ActiveCfg = Debug|Win32
		{F1885B35-439E-4129-9EB5-5704660C406A}.Release|Win32.ActiveCfg = Release|Win32
		{F1885B35-439E-4129-9EB5-5704660C406A}.Release|Win32.Build.0 = Release|Win32
		{F1885B35-439E-4129-9EB5-5704660C406A}.Release|x64.ActiveCfg = Release|x64
		{F1885B35-439E-4129-9EB5-5704660C406A}.Release|x64.Build.0 = Release|x64
		{D6D7B97F-DB6F-48CE-BDAB-E3A98BC158C4}.Debug|Win32.ActiveCfg = Debug|Win32
		{D6D7B97F-DB6F-48CE-BDAB-E3A98BC158C4}.Debug|Win32.Build.0 = Debug|Win32
		{D6D7B97F-DB6F-48CE-BDAB-E3A98BC158C4}.Debug|x64.ActiveCfg = Debug|Win32
		{D6D7B97F-DB6F-48CE-BDAB-E3A98BC158C4}.Release|Win32.ActiveCfg = Release|Win32
		{D6D7B97F-DB6F-48CE-BDAB-E3A98BC158C4}.Release|Win32.Build.0 = Release|Win32
		{D6D7B97F-DB6F-48CE-BDAB-E3A98BC158C4}.Release|x64.ActiveCfg = Release|x64
		{D6D7B97F-DB6F-48CE-BDAB-E3A98BC158C4}.Release|x64.Build.0 = Release|x64
		{F915B23F-16AC-4F6E-824A-DEEFADC8DDC5}.Debug|Win32.ActiveCfg = Debug|Win32
		{F915B23F-16AC-4F6E-824A-DEEFADC8DDC5}.Debug|Win32.Build.0 = Debug|Win32
		{F915B23F-16AC-4F6E-824A-DEEFADC8DDC5}.Debug|x64.ActiveCfg = Debug|Win32
		{F915B23F-16AC-4F6E-824A-DEEFADC8DDC5}.Release|Win32.ActiveCfg = Release|Win32
		{F915B23F-16AC-4F6E-824A-DEEFADC8DDC5}.Release|Win32.Build.0 = Release|Win32
		{F915B23F-16AC-4F6E-824A-DEEFADC8DDC5}.Release|x64.ActiveCfg = Release|x64
		{F915B23F-16AC-4F6E-824A-DEEFADC8DDC5}.Release|x64.Build.0 = Release|x64
		{CF45E989-F4E1-405D-8549-40A4D2C42C73}.Debug|Win32.ActiveCfg = Debug|Win32
		{CF45E989-F4E1-405D-8549-40A4D2C42C73}.Debug|Win32.Build.0 = Debug|Win32
		{CF45E989-F4E1-405D-8549-40A4D2C42C73}.Debug|x64.ActiveCfg = Debug|Win32
		{CF45E989-F4E1-405D-8549-40A4D2C42C73}.Release|Win32.ActiveCfg = Release|Win32
		{CF45E989-F4E1-405D-8549-40A4D2C42C73}.Release|Win32.Build.0 = Release|Win32
		{CF45E989-F4E1-405D-8549-40A4D2C42C73}.Release|x64.ActiveCfg = Release|x64
		{CF45E989-F4E1-405D-8549-40A4D2C42C73}.Release|x64.Build.0 = Release|x64
		{E521E98A-44AD-4C3C-B475-E35B72941267}.Debug|Win32.ActiveCfg = Debug|Win32
		{E521E98A-44AD-4C3C-B475-E35B72941267}.Debug|Win32.Build.0 = Debug|Win32
		{E521E98A-44AD-4C3C-B475-E35B72941267}.Debug|x64.ActiveCfg = Debug|Win32
		{E521E98A-44AD-4C3C-B475-E35B72941267}.Release|Win32.ActiveCfg = Release|Win32
		{E521E98A-44AD-4C3C-B475-E35B72941267}.Release|Win32.Build.0 = Release|Win32
		{E521E98A-44AD-4C3C-B475-E35B72941267}.Release|x64.ActiveCfg = Release|x64
		{E521E98A-44AD-4C3C-B475-E35B72941267}.Release|x64.Build.0 = Release|x64
		{AC694867-1504-461F-AE4E-52593B0EE89C}.Debug|Win32.ActiveCfg = Debug|Win32
		{AC694867-1504-461F-AE4E-52593B0EE89C}.Debug|Win32.Build.0 = Debug|Win32
		{AC694867-1504-461F-AE4E-52593B0EE89C}.Debug|x64.ActiveCfg = Debug|Win32
		{AC694867-1504-461F-AE4E-52593B0EE89C}.Release|Win32.ActiveCfg = Release|Win32
		{AC694867-1504-461F-AE4E-52593B0EE89C}.Release|Win32.Build.0 = Release|Win32
		{AC694867-1504-461F-AE4E-52593B0EE89C}.Release|x64.ActiveCfg = Release|x64
		{AC694867-1504-461F-AE4E-52593B0EE89C}.Release|x64.Build.0 = Release|x64
		{D05EE8EE-CE84-4092-B2C3-78067DEEA271}.Debug|Win32.ActiveCfg = Debug|Win32
		{D05EE8EE-CE84-4092-B2C3-78067DEEA271}.Debug|Win32.Build.0 = Debug|Win32
		{D05EE8EE-CE84-4092-B2C3-78067DEEA271}.Debug|x64.ActiveCfg = Debug|x64
		{D05EE8EE-CE84-4092-B2C3-78067DEEA271}.Debug|x64.Build.0 = Debug|x64
		{D05EE8EE-CE84-4092-B2C3-78067DEEA271}.Release|Win32.ActiveCfg = Release|Win32
		{D05EE8EE-CE84-4092-B2C3-78067DEEA271}.Release|Win32.Build.0 = Release|Win32
		{D05EE8EE-CE84-4092-B2C3-78067DEEA271}.Release|x64.ActiveCfg = Release|x64
		{D05EE8EE-CE84-4092-B2C3-78067DEEA271}.Release|x64.Build.0 = Release|x64
		{1117A824-2171-4393-9ED1-4D74F6616C0F}.Debug|Win32.ActiveCfg = Debug|Win32
		{1117A824-2171-4393-9ED1-4D74F6616C0F}.Debug|Win32.Build.0 = Debug|Win32
		{1117A824-2171-4393-9ED1-4D74F6616C0F}.Debug|x64.ActiveCfg = Debug|x64
		{1117A824-2171-4393-9ED1-4D74F6616C0F}.Debug|x64.Build.0 = Debug|x64
		{1117A824-2171-4393-9ED1-4D74F6616C0F}.Release|Win32.ActiveCfg = Release|Win32
		{1117A824-2171-4393-9ED1-4D74F6616C0F}.Release|Win32.Build.0 = Release|Win32
		{1117A824-2171-4393-9ED1-4D74F6616C0F}.Release|x64.ActiveCfg = Release|x64
		{1117A824-2171-4393-9ED1-4D74F6616C0F}.Release|x64.Build.0 = Release|x64
		{E37129F1-F4A8-4D44-A148-C1F5437574E7}.Debug|Win32.ActiveCfg = Debug|Win32
		{E37129F1-F4A8-4D44-A148-C1F5437574E7}.Debug|Win32.Build.0 = Debug|Win32
		{E37129F1-F4A8-4D44-A148-C1F5437574E7}.Debug|x64.ActiveCfg = Debug|Win32
		{E37129F1-F4A8-4D44-A148-C1F5437574E7}.Release|Win32.ActiveCfg = Release|Win32
		{E37129F1-F4A8-4D44-A148-C1F5437574E7}.Release|Win32.Build.0 = Release|Win32
		{E37129F1-F4A8-4D44-A148-C1F5437574E7}.Release|x64.ActiveCfg = Release|x64
		{E37129F1-F4A8-4D44-A148-C1F5437574E7}.Release|x64.Build.0 = Release|x64
		{BA83BBF6-EEB7-4311-8626-30FCF1DC8FB9}.Debug|Win32.ActiveCfg = Debug|Win32
		{BA83BBF6-EEB7-4311-8626-30FCF1DC8FB9}.Debug|Win32.Build.0 = Debug|Win32
		{BA83BBF6-EEB7-4311-8626-30FCF1DC8FB9}.Debug|x64.ActiveCfg = Debug|Win32
		{BA83BBF6-EEB7-4311-8626-30FCF1DC8FB9}.Release|Win32.ActiveCfg = Release|Win32
		{BA83BBF6-EEB7-4311-8626-30FCF1DC8FB9}.Release|Win32.Build.0 = Release|Win32
		{BA83BBF6-EEB7-4311-8626-30FCF1DC8FB9}.Release|x64.ActiveCfg = Release|x64
		{BA83BBF6-EEB7-4311-8626-30FCF1DC8FB9}.Release|x64.Build.0 = Release|x64
		{96898AF1-65AF-455E-9404-F08CAC025DD4}.Debug|Win32.ActiveCfg = Debug|Win32
		{96898AF1-65AF-455E-9404-F08CAC025DD4}.Debug|Win32.Build.0 = Debug|Win32
		{96898AF1-65AF-455E-9404-F08CAC025DD4}.Debug|x64.ActiveCfg = Debug|Win32
		{96898AF1-65AF-455E-9404-F08CAC025DD4}.Release|Win32.ActiveCfg = Release|Win32
		{96898AF1-65AF-455E-9404-F08CAC025DD4}.Release|Win32.Build.0 = Release|Win32
		{96898AF1-65AF-455E-9404-F08CAC025DD4}.Release|x64.ActiveCfg = Release|x64
		{96898AF1-65AF-455E-9404-F08CAC025DD4}.Release|x64.Build.0 = Release|x64
		{2B24E788-588A-4410-9666-FEAE4405271E}.Debug|Win32.ActiveCfg = Debug|Win32
		{2B24E788-588A-4410-9666-FEAE4405271E}.Debug|Win32.Build.0 = Debug|Win32
		{2B24E788-588A-4410-9666-FEAE4405271E}.Debug|x64.ActiveCfg = Debug|Win32
		{2B24E788-588A-4410-9666-FEAE4405271E}.Release|Win32.ActiveCfg = Release|Win32
		{2B24E788-588A-4410-9666-FEAE4405271E}.Release|Win32.Build.0 = Release|Win32
		{2B24E788-588A-4410-9666-FEAE4405271E}.Release|x64.ActiveCfg = Release|x64
		{2B24E788-588A-4410-9666-FEAE4405271E}.Release|x64.Build.0 = Release|x64
	EndGlobalSection
	GlobalSection(SolutionProperties) = preSolution
		HideSolutionNode = FALSE
	EndGlobalSection
	GlobalSection(ExtensibilityGlobals) = postSolution
		AMDCaProjectFile = D:\Devel\sandbox\CodeAnalyst\nll.caw
	EndGlobalSection
EndGlobal
